
Microsoft Visual Studio Solution File, Format Version 12.00
# Visual Studio Version 17
VisualStudioVersion = 17.14.36202.13 d17.14
MinimumVisualStudioVersion = 10.0.40219.1
Project("{FAE04EC0-301F-11D3-BF4B-00C04F79EFBC}") = "AI.SQLVector", "AI.SQLVector\AI.SQLVector.csproj", "{BDF02860-2AAA-431E-9F1B-FECF9639A4CA}"
EndProject
Project("{FAE04EC0-301F-11D3-BF4B-00C04F79EFBC}") = "AI.MLNet", "AI.MLNet\AI.MLNet.csproj", "{99DD141B-C660-40BC-835F-E39E3F07F2BD}"
EndProject
Global
	GlobalSection(SolutionConfigurationPlatforms) = preSolution
		Debug|Any CPU = Debug|Any CPU
		Release|Any CPU = Release|Any CPU
	EndGlobalSection
	GlobalSection(ProjectConfigurationPlatforms) = postSolution
		{BDF02860-2AAA-431E-9F1B-FECF9639A4CA}.Debug|Any CPU.ActiveCfg = Debug|Any CPU
		{BDF02860-2AAA-431E-9F1B-FECF9639A4CA}.Debug|Any CPU.Build.0 = Debug|Any CPU
		{BDF02860-2AAA-431E-9F1B-FECF9639A4CA}.Release|Any CPU.ActiveCfg = Release|Any CPU
		{BDF02860-2AAA-431E-9F1B-FECF9639A4CA}.Release|Any CPU.Build.0 = Release|Any CPU
		{99DD141B-C660-40BC-835F-E39E3F07F2BD}.Debug|Any CPU.ActiveCfg = Debug|Any CPU
		{99DD141B-C660-40BC-835F-E39E3F07F2BD}.Debug|Any CPU.Build.0 = Debug|Any CPU
		{99DD141B-C660-40BC-835F-E39E3F07F2BD}.Release|Any CPU.ActiveCfg = Release|Any CPU
		{99DD141B-C660-40BC-835F-E39E3F07F2BD}.Release|Any CPU.Build.0 = Release|Any CPU
	EndGlobalSection
	GlobalSection(SolutionProperties) = preSolution
		HideSolutionNode = FALSE
	EndGlobalSection
	GlobalSection(ExtensibilityGlobals) = postSolution
		SolutionGuid = {9DC7ABD0-7467-4A33-BB3A-A93AEC99F2F9}
	EndGlobalSection
EndGlobal
